
Microsoft Visual Studio Solution File, Format Version 12.00
# Visual Studio Version 17
VisualStudioVersion = 17.3.32825.248
MinimumVisualStudioVersion = 10.0.40219.1
Project("{9A19103F-16F7-4668-BE54-9A1E7A4F7556}") = "DegreesBetweenClockHands", "DegreesBetweenHours\DegreesBetweenClockHands.csproj", "{91E58571-9781-4711-B1BC-B01EF3B74C3E}"
EndProject
Project("{9A19103F-16F7-4668-BE54-9A1E7A4F7556}") = "HierarchicalStructureDepth", "HierarchicalStructureDepth\HierarchicalStructureDepth.csproj", "{4ED51DA8-CB97-4095-B183-1C3DBDA0495E}"
EndProject
Global
	GlobalSection(SolutionConfigurationPlatforms) = preSolution
		Debug|Any CPU = Debug|Any CPU
		Release|Any CPU = Release|Any CPU
	EndGlobalSection
	GlobalSection(ProjectConfigurationPlatforms) = postSolution
		{91E58571-9781-4711-B1BC-B01EF3B74C3E}.Debug|Any CPU.ActiveCfg = Debug|Any CPU
		{91E58571-9781-4711-B1BC-B01EF3B74C3E}.Debug|Any CPU.Build.0 = Debug|Any CPU
		{91E58571-9781-4711-B1BC-B01EF3B74C3E}.Release|Any CPU.ActiveCfg = Release|Any CPU
		{91E58571-9781-4711-B1BC-B01EF3B74C3E}.Release|Any CPU.Build.0 = Release|Any CPU
		{4ED51DA8-CB97-4095-B183-1C3DBDA0495E}.Debug|Any CPU.ActiveCfg = Debug|Any CPU
		{4ED51DA8-CB97-4095-B183-1C3DBDA0495E}.Debug|Any CPU.Build.0 = Debug|Any CPU
		{4ED51DA8-CB97-4095-B183-1C3DBDA0495E}.Release|Any CPU.ActiveCfg = Release|Any CPU
		{4ED51DA8-CB97-4095-B183-1C3DBDA0495E}.Release|Any CPU.Build.0 = Release|Any CPU
	EndGlobalSection
	GlobalSection(SolutionProperties) = preSolution
		HideSolutionNode = FALSE
	EndGlobalSection
	GlobalSection(ExtensibilityGlobals) = postSolution
		SolutionGuid = {6D00103E-F9AF-4E11-AB0C-25BA841D2EC2}
	EndGlobalSection
EndGlobal
